
Microsoft Visual Studio Solution File, Format Version 12.00
# Visual Studio Version 17
VisualStudioVersion = 17.8.34408.163
MinimumVisualStudioVersion = 10.0.40219.1
Project("{FAE04EC0-301F-11D3-BF4B-00C04F79EFBC}") = "Server", "Server\Server.csproj", "{827E9ECB-87E4-441B-9279-3B469CE6EBA8}"
EndProject
Project("{54A90642-561A-4BB1-A94E-469ADEE60C69}") = "Client", "Client\Client.esproj", "{EAC4927C-21A6-4AB7-9D18-FBEBDEC8506D}"
EndProject
Global
	GlobalSection(SolutionConfigurationPlatforms) = preSolution
		Debug|Any CPU = Debug|Any CPU
		Release|Any CPU = Release|Any CPU
	EndGlobalSection
	GlobalSection(ProjectConfigurationPlatforms) = postSolution
		{827E9ECB-87E4-441B-9279-3B469CE6EBA8}.Debug|Any CPU.ActiveCfg = Debug|Any CPU
		{827E9ECB-87E4-441B-9279-3B469CE6EBA8}.Debug|Any CPU.Build.0 = Debug|Any CPU
		{827E9ECB-87E4-441B-9279-3B469CE6EBA8}.Release|Any CPU.ActiveCfg = Release|Any CPU
		{827E9ECB-87E4-441B-9279-3B469CE6EBA8}.Release|Any CPU.Build.0 = Release|Any CPU
		{EAC4927C-21A6-4AB7-9D18-FBEBDEC8506D}.Debug|Any CPU.ActiveCfg = Debug|Any CPU
		{EAC4927C-21A6-4AB7-9D18-FBEBDEC8506D}.Debug|Any CPU.Build.0 = Debug|Any CPU
		{EAC4927C-21A6-4AB7-9D18-FBEBDEC8506D}.Debug|Any CPU.Deploy.0 = Debug|Any CPU
		{EAC4927C-21A6-4AB7-9D18-FBEBDEC8506D}.Release|Any CPU.ActiveCfg = Release|Any CPU
		{EAC4927C-21A6-4AB7-9D18-FBEBDEC8506D}.Release|Any CPU.Build.0 = Release|Any CPU
		{EAC4927C-21A6-4AB7-9D18-FBEBDEC8506D}.Release|Any CPU.Deploy.0 = Release|Any CPU
	EndGlobalSection
	GlobalSection(SolutionProperties) = preSolution
		HideSolutionNode = FALSE
	EndGlobalSection
	GlobalSection(ExtensibilityGlobals) = postSolution
		SolutionGuid = {EA1F63BD-7ADF-468A-806B-B79C207EC21F}
	EndGlobalSection
EndGlobal
