
Microsoft Visual Studio Solution File, Format Version 12.00
# Visual Studio Version 17
VisualStudioVersion = 17.7.34202.233
MinimumVisualStudioVersion = 10.0.40219.1
Project("{9A19103F-16F7-4668-BE54-9A1E7A4F7556}") = "Project3API", "Project3API.csproj", "{FA564494-F5B0-4FA3-B578-118D6B54C1C2}"
EndProject
Global
	GlobalSection(SolutionConfigurationPlatforms) = preSolution
		Debug|Any CPU = Debug|Any CPU
		Release|Any CPU = Release|Any CPU
	EndGlobalSection
	GlobalSection(ProjectConfigurationPlatforms) = postSolution
		{FA564494-F5B0-4FA3-B578-118D6B54C1C2}.Debug|Any CPU.ActiveCfg = Debug|Any CPU
		{FA564494-F5B0-4FA3-B578-118D6B54C1C2}.Debug|Any CPU.Build.0 = Debug|Any CPU
		{FA564494-F5B0-4FA3-B578-118D6B54C1C2}.Release|Any CPU.ActiveCfg = Release|Any CPU
		{FA564494-F5B0-4FA3-B578-118D6B54C1C2}.Release|Any CPU.Build.0 = Release|Any CPU
	EndGlobalSection
	GlobalSection(SolutionProperties) = preSolution
		HideSolutionNode = FALSE
	EndGlobalSection
	GlobalSection(ExtensibilityGlobals) = postSolution
		SolutionGuid = {5240318D-6AD0-4A49-9AEB-1DB51D3C5A23}
	EndGlobalSection
EndGlobal
