
Microsoft Visual Studio Solution File, Format Version 12.00
# Visual Studio Version 17
VisualStudioVersion = 17.7.34024.191
MinimumVisualStudioVersion = 10.0.40219.1
Project("{FAE04EC0-301F-11D3-BF4B-00C04F79EFBC}") = "InsuranceCore", "InsuranceCore.csproj", "{DACD3293-A712-40E2-917E-9CB992132FA7}"
EndProject
Global
	GlobalSection(SolutionConfigurationPlatforms) = preSolution
		Debug|Any CPU = Debug|Any CPU
		Release|Any CPU = Release|Any CPU
	EndGlobalSection
	GlobalSection(ProjectConfigurationPlatforms) = postSolution
		{DACD3293-A712-40E2-917E-9CB992132FA7}.Debug|Any CPU.ActiveCfg = Debug|Any CPU
		{DACD3293-A712-40E2-917E-9CB992132FA7}.Debug|Any CPU.Build.0 = Debug|Any CPU
		{DACD3293-A712-40E2-917E-9CB992132FA7}.Release|Any CPU.ActiveCfg = Release|Any CPU
		{DACD3293-A712-40E2-917E-9CB992132FA7}.Release|Any CPU.Build.0 = Release|Any CPU
	EndGlobalSection
	GlobalSection(SolutionProperties) = preSolution
		HideSolutionNode = FALSE
	EndGlobalSection
	GlobalSection(ExtensibilityGlobals) = postSolution
		SolutionGuid = {F55B108C-D0F8-4E53-A05A-0B9B2CCDBACE}
	EndGlobalSection
EndGlobal
